# This file is automatically @generated by Cargo.
# It is not intended for manual editing.
version = 3

[[package]]
name = "anyhow"
version = "1.0.71"
source = "registry+https://github.com/rust-lang/crates.io-index"
checksum = "9c7d0618f0e0b7e8ff11427422b64564d5fb0be1940354bfe2e0529b18a9d9b8"

[[package]]
name = "atk"
version = "0.16.0"
source = "registry+https://github.com/rust-lang/crates.io-index"
checksum = "39991bc421ddf72f70159011b323ff49b0f783cc676a7287c59453da2e2531cf"
dependencies = [
 "atk-sys",
 "bitflags",
 "glib",
 "libc",
]

[[package]]
name = "atk-sys"
version = "0.16.0"
source = "registry+https://github.com/rust-lang/crates.io-index"
checksum = "11ad703eb64dc058024f0e57ccfa069e15a413b98dbd50a1a950e743b7f11148"
dependencies = [
 "glib-sys",
 "gobject-sys",
 "libc",
 "system-deps",
]

[[package]]
name = "autocfg"
version = "1.1.0"
source = "registry+https://github.com/rust-lang/crates.io-index"
checksum = "d468802bab17cbc0cc575e9b053f41e72aa36bfa6b7f55e3529ffa43161b97fa"

[[package]]
name = "bitflags"
version = "1.3.2"
source = "registry+https://github.com/rust-lang/crates.io-index"
checksum = "bef38d45163c2f1dde094a7dfd33ccf595c92905c8f8f4fdc18d06fb1037718a"

[[package]]
name = "cairo-rs"
version = "0.16.7"
source = "registry+https://github.com/rust-lang/crates.io-index"
checksum = "f3125b15ec28b84c238f6f476c6034016a5f6cc0221cb514ca46c532139fc97d"
dependencies = [
 "bitflags",
 "cairo-sys-rs",
 "glib",
 "libc",
 "once_cell",
 "thiserror",
]

[[package]]
name = "cairo-sys-rs"
version = "0.16.3"
source = "registry+https://github.com/rust-lang/crates.io-index"
checksum = "7c48f4af05fabdcfa9658178e1326efa061853f040ce7d72e33af6885196f421"
dependencies = [
 "glib-sys",
 "libc",
 "system-deps",
]

[[package]]
name = "cfg-expr"
version = "0.15.3"
source = "registry+https://github.com/rust-lang/crates.io-index"
checksum = "215c0072ecc28f92eeb0eea38ba63ddfcb65c2828c46311d646f1a3ff5f9841c"
dependencies = [
 "smallvec",
 "target-lexicon",
]

[[package]]
name = "field-offset"
version = "0.3.6"
source = "registry+https://github.com/rust-lang/crates.io-index"
checksum = "38e2275cc4e4fc009b0669731a1e5ab7ebf11f469eaede2bab9309a5b4d6057f"
dependencies = [
 "memoffset",
 "rustc_version",
]

[[package]]
name = "futures-channel"
version = "0.3.28"
source = "registry+https://github.com/rust-lang/crates.io-index"
checksum = "955518d47e09b25bbebc7a18df10b81f0c766eaf4c4f1cccef2fca5f2a4fb5f2"
dependencies = [
 "futures-core",
]

[[package]]
name = "futures-core"
version = "0.3.28"
source = "registry+https://github.com/rust-lang/crates.io-index"
checksum = "4bca583b7e26f571124fe5b7561d49cb2868d79116cfa0eefce955557c6fee8c"

[[package]]
name = "futures-executor"
version = "0.3.28"
source = "registry+https://github.com/rust-lang/crates.io-index"
checksum = "ccecee823288125bd88b4d7f565c9e58e41858e47ab72e8ea2d64e93624386e0"
dependencies = [
 "futures-core",
 "futures-task",
 "futures-util",
]

[[package]]
name = "futures-io"
version = "0.3.28"
source = "registry+https://github.com/rust-lang/crates.io-index"
checksum = "4fff74096e71ed47f8e023204cfd0aa1289cd54ae5430a9523be060cdb849964"

[[package]]
name = "futures-macro"
version = "0.3.28"
source = "registry+https://github.com/rust-lang/crates.io-index"
checksum = "89ca545a94061b6365f2c7355b4b32bd20df3ff95f02da9329b34ccc3bd6ee72"
dependencies = [
 "proc-macro2",
 "quote",
 "syn 2.0.18",
]

[[package]]
name = "futures-task"
version = "0.3.28"
source = "registry+https://github.com/rust-lang/crates.io-index"
checksum = "76d3d132be6c0e6aa1534069c705a74a5997a356c0dc2f86a47765e5617c5b65"

[[package]]
name = "futures-util"
version = "0.3.28"
source = "registry+https://github.com/rust-lang/crates.io-index"
checksum = "26b01e40b772d54cf6c6d721c1d1abd0647a0106a12ecaa1c186273392a69533"
dependencies = [
 "futures-core",
 "futures-macro",
 "futures-task",
 "pin-project-lite",
 "pin-utils",
 "slab",
]

[[package]]
name = "gdk"
version = "0.16.2"
source = "registry+https://github.com/rust-lang/crates.io-index"
checksum = "aa9cb33da481c6c040404a11f8212d193889e9b435db2c14fd86987f630d3ce1"
dependencies = [
 "bitflags",
 "cairo-rs",
 "gdk-pixbuf",
 "gdk-sys",
 "gio",
 "glib",
 "libc",
 "pango",
]

[[package]]
name = "gdk-pixbuf"
version = "0.16.7"
source = "registry+https://github.com/rust-lang/crates.io-index"
checksum = "c3578c60dee9d029ad86593ed88cb40f35c1b83360e12498d055022385dd9a05"
dependencies = [
 "bitflags",
 "gdk-pixbuf-sys",
 "gio",
 "glib",
 "libc",
]

[[package]]
name = "gdk-pixbuf-sys"
version = "0.16.3"
source = "registry+https://github.com/rust-lang/crates.io-index"
checksum = "3092cf797a5f1210479ea38070d9ae8a5b8e9f8f1be9f32f4643c529c7d70016"
dependencies = [
 "gio-sys",
 "glib-sys",
 "gobject-sys",
 "libc",
 "system-deps",
]

[[package]]
name = "gdk-sys"
version = "0.16.0"
source = "registry+https://github.com/rust-lang/crates.io-index"
checksum = "d76354f97a913e55b984759a997b693aa7dc71068c9e98bcce51aa167a0a5c5a"
dependencies = [
 "cairo-sys-rs",
 "gdk-pixbuf-sys",
 "gio-sys",
 "glib-sys",
 "gobject-sys",
 "libc",
 "pango-sys",
 "pkg-config",
 "system-deps",
]

[[package]]
name = "gio"
version = "0.16.7"
source = "registry+https://github.com/rust-lang/crates.io-index"
checksum = "2a1c84b4534a290a29160ef5c6eff2a9c95833111472e824fc5cb78b513dd092"
dependencies = [
 "bitflags",
 "futures-channel",
 "futures-core",
 "futures-io",
 "futures-util",
 "gio-sys",
 "glib",
 "libc",
 "once_cell",
 "pin-project-lite",
 "smallvec",
 "thiserror",
]

[[package]]
name = "gio-sys"
version = "0.16.3"
source = "registry+https://github.com/rust-lang/crates.io-index"
checksum = "e9b693b8e39d042a95547fc258a7b07349b1f0b48f4b2fa3108ba3c51c0b5229"
dependencies = [
 "glib-sys",
 "gobject-sys",
 "libc",
 "system-deps",
 "winapi",
]

[[package]]
name = "glib"
version = "0.16.9"
source = "registry+https://github.com/rust-lang/crates.io-index"
checksum = "16aa2475c9debed5a32832cb5ff2af5a3f9e1ab9e69df58eaadc1ab2004d6eba"
dependencies = [
 "bitflags",
 "futures-channel",
 "futures-core",
 "futures-executor",
 "futures-task",
 "futures-util",
 "gio-sys",
 "glib-macros",
 "glib-sys",
 "gobject-sys",
 "libc",
 "once_cell",
 "smallvec",
 "thiserror",
]

[[package]]
name = "glib-macros"
version = "0.16.8"
source = "registry+https://github.com/rust-lang/crates.io-index"
checksum = "fb1a9325847aa46f1e96ffea37611b9d51fc4827e67f79e7de502a297560a67b"
dependencies = [
 "anyhow",
 "heck",
 "proc-macro-crate",
 "proc-macro-error",
 "proc-macro2",
 "quote",
 "syn 1.0.109",
]

[[package]]
name = "glib-sys"
version = "0.16.3"
source = "registry+https://github.com/rust-lang/crates.io-index"
checksum = "c61a4f46316d06bfa33a7ac22df6f0524c8be58e3db2d9ca99ccb1f357b62a65"
dependencies = [
 "libc",
 "system-deps",
]

[[package]]
name = "gobject-sys"
version = "0.16.3"
source = "registry+https://github.com/rust-lang/crates.io-index"
checksum = "3520bb9c07ae2a12c7f2fbb24d4efc11231c8146a86956413fb1a79bb760a0f1"
dependencies = [
 "glib-sys",
 "libc",
 "system-deps",
]

[[package]]
name = "gtk"
version = "0.16.2"
source = "registry+https://github.com/rust-lang/crates.io-index"
checksum = "e4d3507d43908c866c805f74c9dd593c0ce7ba5c38e576e41846639cdcd4bee6"
dependencies = [
 "atk",
 "bitflags",
 "cairo-rs",
 "field-offset",
 "futures-channel",
 "gdk",
 "gdk-pixbuf",
 "gio",
 "glib",
 "gtk-sys",
 "gtk3-macros",
 "libc",
 "once_cell",
 "pango",
 "pkg-config",
]

[[package]]
name = "gtk-sys"
version = "0.16.0"
source = "registry+https://github.com/rust-lang/crates.io-index"
checksum = "89b5f8946685d5fe44497007786600c2f368ff6b1e61a16251c89f72a97520a3"
dependencies = [
 "atk-sys",
 "cairo-sys-rs",
 "gdk-pixbuf-sys",
 "gdk-sys",
 "gio-sys",
 "glib-sys",
 "gobject-sys",
 "libc",
 "pango-sys",
 "system-deps",
]

[[package]]
name = "gtk3-macros"
version = "0.16.3"
source = "registry+https://github.com/rust-lang/crates.io-index"
checksum = "096eb63c6fedf03bafe65e5924595785eaf1bcb7200dac0f2cbe9c9738f05ad8"
dependencies = [
 "anyhow",
 "proc-macro-crate",
 "proc-macro-error",
 "proc-macro2",
 "quote",
 "syn 1.0.109",
]

[[package]]
name = "hashbrown"
version = "0.12.3"
source = "registry+https://github.com/rust-lang/crates.io-index"
checksum = "8a9ee70c43aaf417c914396645a0fa852624801b24ebb7ae78fe8272889ac888"

[[package]]
name = "heck"
version = "0.4.1"
source = "registry+https://github.com/rust-lang/crates.io-index"
checksum = "95505c38b4572b2d910cecb0281560f54b440a19336cbbcb27bf6ce6adc6f5a8"

[[package]]
name = "indexmap"
version = "1.9.3"
source = "registry+https://github.com/rust-lang/crates.io-index"
checksum = "bd070e393353796e801d209ad339e89596eb4c8d430d18ede6a1cced8fafbd99"
dependencies = [
 "autocfg",
 "hashbrown",
]

[[package]]
name = "javascriptcore-rs"
version = "1.0.0"
source = "registry+https://github.com/rust-lang/crates.io-index"
checksum = "4cfcc681b896b083864a4a3c3b3ea196f14ff66b8641a68fde209c6d84434056"
dependencies = [
 "bitflags",
 "glib",
 "javascriptcore-rs-sys",
]

[[package]]
name = "javascriptcore-rs-sys"
version = "1.0.0"
source = "registry+https://github.com/rust-lang/crates.io-index"
checksum = "b0983ba5b3ab9a0c0918de02c42dc71f795d6de08092f88a98ce9fdfdee4ba91"
dependencies = [
 "glib-sys",
 "gobject-sys",
 "libc",
 "system-deps",
]

[[package]]
name = "libc"
version = "0.2.146"
source = "registry+https://github.com/rust-lang/crates.io-index"
checksum = "f92be4933c13fd498862a9e02a3055f8a8d9c039ce33db97306fd5a6caa7f29b"

[[package]]
name = "memchr"
version = "2.5.0"
source = "registry+https://github.com/rust-lang/crates.io-index"
checksum = "2dffe52ecf27772e601905b7522cb4ef790d2cc203488bbd0e2fe85fcb74566d"

[[package]]
name = "memoffset"
version = "0.9.0"
source = "registry+https://github.com/rust-lang/crates.io-index"
checksum = "5a634b1c61a95585bd15607c6ab0c4e5b226e695ff2800ba0cdccddf208c406c"
dependencies = [
 "autocfg",
]

[[package]]
name = "once_cell"
version = "1.18.0"
source = "registry+https://github.com/rust-lang/crates.io-index"
checksum = "dd8b5dd2ae5ed71462c540258bedcb51965123ad7e7ccf4b9a8cafaa4a63576d"

[[package]]
name = "overlay-ff14"
version = "0.1.0"
dependencies = [
 "cairo-rs",
 "gdk",
 "gdk-sys",
 "gio",
 "gio-sys",
 "glib",
 "glib-sys",
 "gtk",
 "gtk-sys",
 "webkit2gtk",
]

[[package]]
name = "pango"
version = "0.16.5"
source = "registry+https://github.com/rust-lang/crates.io-index"
checksum = "cdff66b271861037b89d028656184059e03b0b6ccb36003820be19f7200b1e94"
dependencies = [
 "bitflags",
 "gio",
 "glib",
 "libc",
 "once_cell",
 "pango-sys",
]

[[package]]
name = "pango-sys"
version = "0.16.3"
source = "registry+https://github.com/rust-lang/crates.io-index"
checksum = "9e134909a9a293e04d2cc31928aa95679c5e4df954d0b85483159bd20d8f047f"
dependencies = [
 "glib-sys",
 "gobject-sys",
 "libc",
 "system-deps",
]

[[package]]
name = "pin-project-lite"
version = "0.2.9"
source = "registry+https://github.com/rust-lang/crates.io-index"
checksum = "e0a7ae3ac2f1173085d398531c705756c94a4c56843785df85a60c1a0afac116"

[[package]]
name = "pin-utils"
version = "0.1.0"
source = "registry+https://github.com/rust-lang/crates.io-index"
checksum = "8b870d8c151b6f2fb93e84a13146138f05d02ed11c7e7c54f8826aaaf7c9f184"

[[package]]
name = "pkg-config"
version = "0.3.27"
source = "registry+https://github.com/rust-lang/crates.io-index"
checksum = "26072860ba924cbfa98ea39c8c19b4dd6a4a25423dbdf219c1eca91aa0cf6964"

[[package]]
name = "proc-macro-crate"
version = "1.3.1"
source = "registry+https://github.com/rust-lang/crates.io-index"
checksum = "7f4c021e1093a56626774e81216a4ce732a735e5bad4868a03f3ed65ca0c3919"
dependencies = [
 "once_cell",
 "toml_edit",
]

[[package]]
name = "proc-macro-error"
version = "1.0.4"
source = "registry+https://github.com/rust-lang/crates.io-index"
checksum = "da25490ff9892aab3fcf7c36f08cfb902dd3e71ca0f9f9517bea02a73a5ce38c"
dependencies = [
 "proc-macro-error-attr",
 "proc-macro2",
 "quote",
 "syn 1.0.109",
 "version_check",
]

[[package]]
name = "proc-macro-error-attr"
version = "1.0.4"
source = "registry+https://github.com/rust-lang/crates.io-index"
checksum = "a1be40180e52ecc98ad80b184934baf3d0d29f979574e439af5a55274b35f869"
dependencies = [
 "proc-macro2",
 "quote",
 "version_check",
]

[[package]]
name = "proc-macro2"
version = "1.0.60"
source = "registry+https://github.com/rust-lang/crates.io-index"
checksum = "dec2b086b7a862cf4de201096214fa870344cf922b2b30c167badb3af3195406"
dependencies = [
 "unicode-ident",
]

[[package]]
name = "quote"
version = "1.0.28"
source = "registry+https://github.com/rust-lang/crates.io-index"
checksum = "1b9ab9c7eadfd8df19006f1cf1a4aed13540ed5cbc047010ece5826e10825488"
dependencies = [
 "proc-macro2",
]

[[package]]
name = "rustc_version"
version = "0.4.0"
source = "registry+https://github.com/rust-lang/crates.io-index"
checksum = "bfa0f585226d2e68097d4f95d113b15b83a82e819ab25717ec0590d9584ef366"
dependencies = [
 "semver",
]

[[package]]
name = "semver"
version = "1.0.17"
source = "registry+https://github.com/rust-lang/crates.io-index"
checksum = "bebd363326d05ec3e2f532ab7660680f3b02130d780c299bca73469d521bc0ed"

[[package]]
name = "serde"
version = "1.0.164"
source = "registry+https://github.com/rust-lang/crates.io-index"
checksum = "9e8c8cf938e98f769bc164923b06dce91cea1751522f46f8466461af04c9027d"

[[package]]
name = "serde_spanned"
version = "0.6.2"
source = "registry+https://github.com/rust-lang/crates.io-index"
checksum = "93107647184f6027e3b7dcb2e11034cf95ffa1e3a682c67951963ac69c1c007d"
dependencies = [
 "serde",
]

[[package]]
name = "slab"
version = "0.4.8"
source = "registry+https://github.com/rust-lang/crates.io-index"
checksum = "6528351c9bc8ab22353f9d776db39a20288e8d6c37ef8cfe3317cf875eecfc2d"
dependencies = [
 "autocfg",
]

[[package]]
name = "smallvec"
version = "1.10.0"
source = "registry+https://github.com/rust-lang/crates.io-index"
checksum = "a507befe795404456341dfab10cef66ead4c041f62b8b11bbb92bffe5d0953e0"

[[package]]
name = "soup3"
version = "0.3.2"
source = "registry+https://github.com/rust-lang/crates.io-index"
checksum = "82bc46048125fefd69d30b32b9d263d6556c9ffe82a7a7df181a86d912da5616"
dependencies = [
 "bitflags",
 "futures-channel",
 "gio",
 "glib",
 "libc",
 "once_cell",
 "soup3-sys",
]

[[package]]
name = "soup3-sys"
version = "0.3.1"
source = "registry+https://github.com/rust-lang/crates.io-index"
checksum = "014bbeb1c4cdb30739dc181e8d98b7908f124d9555843afa89b5570aaf4ec62b"
dependencies = [
 "gio-sys",
 "glib-sys",
 "gobject-sys",
 "libc",
 "system-deps",
]

[[package]]
name = "syn"
version = "1.0.109"
source = "registry+https://github.com/rust-lang/crates.io-index"
checksum = "72b64191b275b66ffe2469e8af2c1cfe3bafa67b529ead792a6d0160888b4237"
dependencies = [
 "proc-macro2",
 "quote",
 "unicode-ident",
]

[[package]]
name = "syn"
version = "2.0.18"
source = "registry+https://github.com/rust-lang/crates.io-index"
checksum = "32d41677bcbe24c20c52e7c70b0d8db04134c5d1066bf98662e2871ad200ea3e"
dependencies = [
 "proc-macro2",
 "quote",
 "unicode-ident",
]

[[package]]
name = "system-deps"
version = "6.1.1"
source = "registry+https://github.com/rust-lang/crates.io-index"
checksum = "30c2de8a4d8f4b823d634affc9cd2a74ec98c53a756f317e529a48046cbf71f3"
dependencies = [
 "cfg-expr",
 "heck",
 "pkg-config",
 "toml",
 "version-compare",
]

[[package]]
name = "target-lexicon"
version = "0.12.8"
source = "registry+https://github.com/rust-lang/crates.io-index"
checksum = "1b1c7f239eb94671427157bd93b3694320f3668d4e1eff08c7285366fd777fac"

[[package]]
name = "thiserror"
version = "1.0.40"
source = "registry+https://github.com/rust-lang/crates.io-index"
checksum = "978c9a314bd8dc99be594bc3c175faaa9794be04a5a5e153caba6915336cebac"
dependencies = [
 "thiserror-impl",
]

[[package]]
name = "thiserror-impl"
version = "1.0.40"
source = "registry+https://github.com/rust-lang/crates.io-index"
checksum = "f9456a42c5b0d803c8cd86e73dd7cc9edd429499f37a3550d286d5e86720569f"
dependencies = [
 "proc-macro2",
 "quote",
 "syn 2.0.18",
]

[[package]]
name = "toml"
version = "0.7.4"
source = "registry+https://github.com/rust-lang/crates.io-index"
checksum = "d6135d499e69981f9ff0ef2167955a5333c35e36f6937d382974566b3d5b94ec"
dependencies = [
 "serde",
 "serde_spanned",
 "toml_datetime",
 "toml_edit",
]

[[package]]
name = "toml_datetime"
version = "0.6.2"
source = "registry+https://github.com/rust-lang/crates.io-index"
checksum = "5a76a9312f5ba4c2dec6b9161fdf25d87ad8a09256ccea5a556fef03c706a10f"
dependencies = [
 "serde",
]

[[package]]
name = "toml_edit"
version = "0.19.10"
source = "registry+https://github.com/rust-lang/crates.io-index"
checksum = "2380d56e8670370eee6566b0bfd4265f65b3f432e8c6d85623f728d4fa31f739"
dependencies = [
 "indexmap",
 "serde",
 "serde_spanned",
 "toml_datetime",
 "winnow",
]

[[package]]
name = "unicode-ident"
version = "1.0.9"
source = "registry+https://github.com/rust-lang/crates.io-index"
checksum = "b15811caf2415fb889178633e7724bad2509101cde276048e013b9def5e51fa0"

[[package]]
name = "version-compare"
version = "0.1.1"
source = "registry+https://github.com/rust-lang/crates.io-index"
checksum = "579a42fc0b8e0c63b76519a339be31bed574929511fa53c1a3acae26eb258f29"

[[package]]
name = "version_check"
version = "0.9.4"
source = "registry+https://github.com/rust-lang/crates.io-index"
checksum = "49874b5167b65d7193b8aba1567f5c7d93d001cafc34600cee003eda787e483f"

[[package]]
name = "webkit2gtk"
version = "1.1.0"
source = "registry+https://github.com/rust-lang/crates.io-index"
checksum = "3ba4cce9085e0fb02575cfd45c328740dde78253cba516b1e8be2ca0f57bd8bf"
dependencies = [
 "bitflags",
 "cairo-rs",
 "gdk",
 "gdk-sys",
 "gio",
 "gio-sys",
 "glib",
 "glib-sys",
 "gobject-sys",
 "gtk",
 "gtk-sys",
 "javascriptcore-rs",
 "libc",
 "once_cell",
 "soup3",
 "webkit2gtk-sys",
]

[[package]]
name = "webkit2gtk-sys"
version = "1.1.0"
source = "registry+https://github.com/rust-lang/crates.io-index"
checksum = "f4489eb24e8cf0a3d0555fd3a8f7adec2a5ece34c1e7b7c9a62da7822fd40a59"
dependencies = [
 "bitflags",
 "cairo-sys-rs",
 "gdk-sys",
 "gio-sys",
 "glib-sys",
 "gobject-sys",
 "gtk-sys",
 "javascriptcore-rs-sys",
 "libc",
 "pkg-config",
 "soup3-sys",
 "system-deps",
]

[[package]]
name = "winapi"
version = "0.3.9"
source = "registry+https://github.com/rust-lang/crates.io-index"
checksum = "5c839a674fcd7a98952e593242ea400abe93992746761e38641405d28b00f419"
dependencies = [
 "winapi-i686-pc-windows-gnu",
 "winapi-x86_64-pc-windows-gnu",
]

[[package]]
name = "winapi-i686-pc-windows-gnu"
version = "0.4.0"
source = "registry+https://github.com/rust-lang/crates.io-index"
checksum = "ac3b87c63620426dd9b991e5ce0329eff545bccbbb34f3be09ff6fb6ab51b7b6"

[[package]]
name = "winapi-x86_64-pc-windows-gnu"
version = "0.4.0"
source = "registry+https://github.com/rust-lang/crates.io-index"
checksum = "712e227841d057c1ee1cd2fb22fa7e5a5461ae8e48fa2ca79ec42cfc1931183f"

[[package]]
name = "winnow"
version = "0.4.7"
source = "registry+https://github.com/rust-lang/crates.io-index"
checksum = "ca0ace3845f0d96209f0375e6d367e3eb87eb65d27d445bdc9f1843a26f39448"
dependencies = [
 "memchr",
]
